# This file is autogenerated, do not edit; changes may be undone by the next 'dep ensure'.


[[projects]]
  name = "github.com/TV4/env"
  packages = ["."]
  revision = "606d18b28e5bd4e50312a75e1d5045191d88a8e4"
  version = "v0.1.2"

[[projects]]
  name = "github.com/TV4/graceful"
  packages = ["."]
  revision = "38c3c4980bed6ed0aac95529c2cded4986e0e2a8"
  version = "v0.3.3"

[[projects]]
  name = "github.com/dgrijalva/jwt-go"
  packages = [
    ".",
    "request"
  ]
  revision = "06ea1031745cb8b3dab3f6a236daf2b0aa468b7e"
  version = "v3.2.0"

[[projects]]
  name = "github.com/sendgrid/rest"
  packages = ["."]
  revision = "80b39aaf5a30edab5bf2f99d56052abe01a0d41d"
  version = "v2.4.0"

[[projects]]
  name = "github.com/sendgrid/sendgrid-go"
  packages = [
    ".",
    "helpers/mail"
  ]
  revision = "8caf17aa96b4a98bae8bd216878dd50ff12897b5"
  version = "v3.4.1"

[solve-meta]
  analyzer-name = "dep"
  analyzer-version = 1
  inputs-digest = "cd500fe11354384f5eca408a35491313e7d40c684478d591efe570ad4c357e17"
  solver-name = "gps-cdcl"
  solver-version = 1
