# This file is autogenerated, do not edit; changes may be undone by the next 'dep ensure'.


[[projects]]
  name = "github.com/TV4/env"
  packages = ["."]
  revision = "606d18b28e5bd4e50312a75e1d5045191d88a8e4"
  version = "v0.1.2"

[[projects]]
  name = "github.com/TV4/graceful"
  packages = ["."]
  revision = "38c3c4980bed6ed0aac95529c2cded4986e0e2a8"
  version = "v0.3.3"

[[projects]]
  name = "github.com/dgrijalva/jwt-go"
  packages = ["."]
  revision = "06ea1031745cb8b3dab3f6a236daf2b0aa468b7e"
  version = "v3.2.0"

[solve-meta]
  analyzer-name = "dep"
  analyzer-version = 1
  inputs-digest = "64fd3a75d8a99cc4150cf89d0409db4c6c20ca13bf6e94115f63839ecba9e994"
  solver-name = "gps-cdcl"
  solver-version = 1
